{
    "_readme": [
        "This file locks the dependencies of your project to a known state",
        "Read more about it at https://getcomposer.org/doc/01-basic-usage.md#installing-dependencies",
        "This file is @generated automatically"
    ],
    "content-hash": "8c903a4f0ca4fd973a407815c143d6b8",
    "packages": [],
    "packages-dev": [
        {
            "name": "codeneric/hack2php",
            "version": "dev-master",
            "source": {
                "type": "git",
                "url": "https://github.com/codeneric/hack2php.git",
                "reference": "17692899f099e7d01aad210a9822f6439600905d"
            },
            "dist": {
                "type": "zip",
                "url": "https://api.github.com/repos/codeneric/hack2php/zipball/17692899f099e7d01aad210a9822f6439600905d",
                "reference": "17692899f099e7d01aad210a9822f6439600905d",
                "shasum": ""
            },
            "require": {
                "hhvm/hhast": "^3.27"
            },
            "require-dev": {
                "91carriage/phpunit-hhi": "^5.7",
                "facebook/fbexpect": "^0.4.0|^1.0.0",
                "facebook/hack-codegen": "~3.0.3",
                "hhvm/hhvm-autoload": "^1.5",
                "phpunit/phpunit": "^5.7"
            },
            "bin": [
                "bin/hack2php"
            ],
            "type": "compiler",
            "license": [
                "MIT"
            ],
            "authors": [
                {
                    "name": "Denis",
                    "email": "denis@codeneric.com"
                }
            ],
            "support": {
                "source": "https://github.com/codeneric/hack2php/tree/master",
                "issues": "https://github.com/codeneric/hack2php/issues"
            },
            "time": "2018-07-22T09:30:44+00:00"
        },
        {
            "name": "codeneric/hacklib",
            "version": "dev-master",
            "source": {
                "type": "git",
                "url": "https://github.com/codeneric/hacklib.git",
                "reference": "9e550e9ef0b8cddc5b39a6581cacc9685e578a4b"
            },
            "dist": {
                "type": "zip",
                "url": "https://api.github.com/repos/codeneric/hacklib/zipball/9e550e9ef0b8cddc5b39a6581cacc9685e578a4b",
                "reference": "9e550e9ef0b8cddc5b39a6581cacc9685e578a4b",
                "shasum": ""
            },
            "type": "compiler",
            "license": [
                "MIT"
            ],
            "authors": [
                {
                    "name": "Denis Golovin",
                    "email": "denis@codeneric.com"
                }
            ],
            "support": {
                "source": "https://github.com/codeneric/hacklib/tree/master",
                "issues": "https://github.com/codeneric/hacklib/issues"
            },
            "time": "2018-07-22T11:30:54+00:00"
        },
        {
            "name": "facebook/hh-clilib",
            "version": "v1.1.2",
            "source": {
                "type": "git",
                "url": "https://github.com/hhvm/hh-clilib.git",
                "reference": "2772c82a8f5fc715d5a2fbe801563f36fdda9943"
            },
            "dist": {
                "type": "zip",
                "url": "https://api.github.com/repos/hhvm/hh-clilib/zipball/2772c82a8f5fc715d5a2fbe801563f36fdda9943",
                "reference": "2772c82a8f5fc715d5a2fbe801563f36fdda9943",
                "shasum": ""
            },
            "require": {
                "hhvm/hsl": "^3.26",
                "hhvm/type-assert": "^3.2"
            },
            "require-dev": {
                "91carriage/phpunit-hhi": "^5.7",
                "facebook/fbexpect": "^1.1.0",
                "hhvm/hhast": "^3.27.0",
                "phpunit/phpunit": "^5.7"
            },
            "type": "library",
            "notification-url": "https://packagist.org/downloads/",
            "license": [
                "MIT"
            ],
            "time": "2018-06-20T03:25:12+00:00"
        },
        {
            "name": "fredemmott/hack-error-suppressor",
            "version": "v1.0.1",
            "source": {
                "type": "git",
                "url": "https://github.com/fredemmott/hack-error-suppressor.git",
                "reference": "cb145c771b50f4f4eeec8c9cac4740df3d486a12"
            },
            "dist": {
                "type": "zip",
                "url": "https://api.github.com/repos/fredemmott/hack-error-suppressor/zipball/cb145c771b50f4f4eeec8c9cac4740df3d486a12",
                "reference": "cb145c771b50f4f4eeec8c9cac4740df3d486a12",
                "shasum": ""
            },
            "require-dev": {
                "91carriage/phpunit-hhi": "^5.6",
                "phpunit/phpunit": "^5.7"
            },
            "type": "library",
            "autoload": {
                "classmap": [
                    "src/"
                ]
            },
            "notification-url": "https://packagist.org/downloads/",
            "license": [
                "ISC"
            ],
            "authors": [
                {
                    "name": "Fred Emmott",
                    "email": "fred@fredemmott.co.uk"
                }
            ],
            "description": "Suppress HHVM's automatic conversion of typechecker errors to fatals.",
            "time": "2017-05-02T03:07:37+00:00"
        },
        {
            "name": "hhvm/hhast",
            "version": "v3.27.2",
            "source": {
                "type": "git",
                "url": "https://github.com/hhvm/hhast.git",
                "reference": "19b1fda576b0ff9323d997c7e837c919027ef921"
            },
            "dist": {
                "type": "zip",
                "url": "https://api.github.com/repos/hhvm/hhast/zipball/19b1fda576b0ff9323d997c7e837c919027ef921",
                "reference": "19b1fda576b0ff9323d997c7e837c919027ef921",
                "shasum": ""
            },
            "require": {
                "facebook/hh-clilib": "^1.1.1",
                "hhvm": "^3.26.0",
                "hhvm/hsl": "^1.0.0|^3.26.0",
                "hhvm/type-assert": "^3.1"
            },
            "require-dev": {
                "91carriage/phpunit-hhi": "^5.7",
                "facebook/fbexpect": "^1.1.0",
                "facebook/hack-codegen": "~3.0.3",
                "hhvm/hhvm-autoload": "^1.5",
                "phpunit/phpunit": "^5.7"
            },
            "bin": [
                "bin/hhast-lint",
                "bin/hhast-inspect"
            ],
            "type": "library",
            "notification-url": "https://packagist.org/downloads/",
            "license": [
                "MIT"
            ],
            "time": "2018-07-17T15:35:27+00:00"
        },
        {
            "name": "hhvm/hhvm-autoload",
            "version": "v1.6.6",
            "source": {
                "type": "git",
                "url": "https://github.com/hhvm/hhvm-autoload.git",
                "reference": "2808fe06fa850532270c54155c0bdab1bf0f67da"
            },
            "dist": {
                "type": "zip",
                "url": "https://api.github.com/repos/hhvm/hhvm-autoload/zipball/2808fe06fa850532270c54155c0bdab1bf0f67da",
                "reference": "2808fe06fa850532270c54155c0bdab1bf0f67da",
                "shasum": ""
            },
            "require": {
                "composer-plugin-api": "^1.0",
                "fredemmott/hack-error-suppressor": "^1.0",
                "hhvm": "^3.23"
            },
            "replace": {
                "facebook/hhvm-autoload": "1.*"
            },
            "require-dev": {
                "91carriage/phpunit-hhi": "^5.5",
                "facebook/fbexpect": "^1.1",
                "phpunit/phpunit": "^5.5"
            },
            "bin": [
                "bin/hh-autoload"
            ],
            "type": "composer-plugin",
            "extra": {
                "class": [
                    "Facebook\\AutoloadMap\\ComposerPlugin"
                ]
            },
            "autoload": {
                "classmap": [
                    "src/Writer.php",
                    "src/"
                ],
                "files": [
                    "src/AutoloadMap.php",
                    "src/Config.php",
                    "src/TypeAssert.php"
                ]
            },
            "notification-url": "https://packagist.org/downloads/",
            "time": "2018-06-12T20:21:07+00:00"
        },
        {
            "name": "hhvm/hsl",
            "version": "v3.27.0",
            "source": {
                "type": "git",
                "url": "https://github.com/hhvm/hsl.git",
                "reference": "f43f027681402f0a6807325400a761106fa10274"
            },
            "dist": {
                "type": "zip",
                "url": "https://api.github.com/repos/hhvm/hsl/zipball/f43f027681402f0a6807325400a761106fa10274",
                "reference": "f43f027681402f0a6807325400a761106fa10274",
                "shasum": ""
            },
            "require": {
                "hhvm": "^3.27.0",
                "hhvm/hhvm-autoload": "^1.4"
            },
            "require-dev": {
                "91carriage/phpunit-hhi": "^5.7",
                "facebook/fbexpect": "^1.0.0",
                "phpunit/phpunit": "^5.7"
            },
            "type": "library",
            "notification-url": "https://packagist.org/downloads/",
            "license": [
                "MIT"
            ],
            "description": "The Hack Standard Library",
            "time": "2018-06-07T01:25:22+00:00"
        },
        {
            "name": "hhvm/type-assert",
            "version": "v3.2.2",
            "source": {
                "type": "git",
                "url": "https://github.com/hhvm/type-assert.git",
                "reference": "9bbe7cac2ff831142d74203479e72046cbc932f8"
            },
            "dist": {
                "type": "zip",
                "url": "https://api.github.com/repos/hhvm/type-assert/zipball/9bbe7cac2ff831142d74203479e72046cbc932f8",
                "reference": "9bbe7cac2ff831142d74203479e72046cbc932f8",
                "shasum": ""
            },
            "require": {
                "hhvm": "^3.23.0",
                "hhvm/hhvm-autoload": "^1.4",
                "hhvm/hsl": "^1.0|^3.26.0"
            },
            "require-dev": {
                "91carriage/phpunit-hhi": "~5.1",
                "facebook/fbexpect": "^0.4.0|^1.0.0",
                "phpunit/phpunit": "~5.1"
            },
            "type": "library",
            "notification-url": "https://packagist.org/downloads/",
            "license": [
                "MIT"
            ],
            "description": "Convert untyped data to typed data",
            "keywords": [
                "TypeAssert",
                "hack"
            ],
            "time": "2018-05-09T18:23:07+00:00"
        }
    ],
    "aliases": [],
    "minimum-stability": "stable",
    "stability-flags": {
        "codeneric/hack2php": 20,
        "codeneric/hacklib": 20
    },
    "prefer-stable": false,
    "prefer-lowest": false,
    "platform": [],
    "platform-dev": []
}
